
Microsoft Visual Studio Solution File, Format Version 12.00
# Visual Studio Version 17
VisualStudioVersion = 17.5.33530.505
MinimumVisualStudioVersion = 10.0.40219.1
Project("{FAE04EC0-301F-11D3-BF4B-00C04F79EFBC}") = "Number guessing game", "Number guessing game\Number guessing game.csproj", "{4530A3C3-19D9-4186-ADE3-6F5EE49A2E58}"
EndProject
Global
	GlobalSection(SolutionConfigurationPlatforms) = preSolution
		Debug|Any CPU = Debug|Any CPU
		Release|Any CPU = Release|Any CPU
	EndGlobalSection
	GlobalSection(ProjectConfigurationPlatforms) = postSolution
		{4530A3C3-19D9-4186-ADE3-6F5EE49A2E58}.Debug|Any CPU.ActiveCfg = Debug|Any CPU
		{4530A3C3-19D9-4186-ADE3-6F5EE49A2E58}.Debug|Any CPU.Build.0 = Debug|Any CPU
		{4530A3C3-19D9-4186-ADE3-6F5EE49A2E58}.Release|Any CPU.ActiveCfg = Release|Any CPU
		{4530A3C3-19D9-4186-ADE3-6F5EE49A2E58}.Release|Any CPU.Build.0 = Release|Any CPU
	EndGlobalSection
	GlobalSection(SolutionProperties) = preSolution
		HideSolutionNode = FALSE
	EndGlobalSection
	GlobalSection(ExtensibilityGlobals) = postSolution
		SolutionGuid = {5BB91996-70F3-4515-8F87-623C42A9B68D}
	EndGlobalSection
EndGlobal
